<?xml version="1.0" encoding="utf-8"?>
<Project ToolsVersion="4.0" xmlns="http://schemas.microsoft.com/developer/msbuild/2003">
  <ItemGroup>
    <Filter Include="Core">
      <UniqueIdentifier>{c94d8248-248e-4a1a-96b1-7a12e507a4b1}</UniqueIdentifier>
    </Filter>
    <Filter Include="Task">
      <UniqueIdentifier>{7ea7735d-c6ae-4488-a5d0-170558f306f7}</UniqueIdentifier>
    </Filter>
    <Filter Include="Imgui">
      <UniqueIdentifier>{f339b2ac-a76d-4898-a14e-4afc92323b0f}</UniqueIdentifier>
    </Filter>
  </ItemGroup>
  <ItemGroup>
    <ClInclude Include="include\Core\Game.hpp">
      <Filter>Core</Filter>
    </ClInclude>
    <ClInclude Include="include\Core\GameObject.hpp">
      <Filter>Core</Filter>
    </ClInclude>
    <ClInclude Include="include\Core\GameState.hpp">
      <Filter>Core</Filter>
    </ClInclude>
    <ClInclude Include="include\Core\GameComponent.hpp">
      <Filter>Core</Filter>
    </ClInclude>
    <ClInclude Include="include\Core\TransformComponent.hpp">
      <Filter>Core</Filter>
    </ClInclude>
    <ClInclude Include="include\Task\ImguiBeginTask.hpp">
      <Filter>Task</Filter>
    </ClInclude>
    <ClInclude Include="include\Task\ImguiEndTask.hpp">
      <Filter>Task</Filter>
    </ClInclude>
    <ClInclude Include="include\Imgui\D3D11ImguiVertexBuffer.hpp">
      <Filter>Imgui</Filter>
    </ClInclude>
    <ClInclude Include="include\Task\ControlsTask.hpp">
      <Filter>Task</Filter>
    </ClInclude>
    <ClInclude Include="include\Task\DebugTask.hpp">
      <Filter>Task</Filter>
    </ClInclude>
  </ItemGroup>
  <ItemGroup>
    <ClCompile Include="src\Core\Game.cpp">
      <Filter>Core</Filter>
    </ClCompile>
    <ClCompile Include="src\Core\GameObject.cpp">
      <Filter>Core</Filter>
    </ClCompile>
    <ClCompile Include="src\Core\GameComponent.cpp">
      <Filter>Core</Filter>
    </ClCompile>
    <ClCompile Include="src\Core\TransformComponent.cpp">
      <Filter>Core</Filter>
    </ClCompile>
    <ClCompile Include="src\Task\ImguiBeginTask.cpp">
      <Filter>Task</Filter>
    </ClCompile>
    <ClCompile Include="src\Task\ImguiEndTask.cpp">
      <Filter>Task</Filter>
    </ClCompile>
    <ClCompile Include="src\Imgui\D3D11ImguiVertexBuffer.cpp">
      <Filter>Imgui</Filter>
    </ClCompile>
    <ClCompile Include="src\Task\ControlsTask.cpp">
      <Filter>Task</Filter>
    </ClCompile>
    <ClCompile Include="src\Task\DebugTask.cpp">
      <Filter>Task</Filter>
    </ClCompile>
  </ItemGroup>
  <ItemGroup>
    <FxCompile Include="shaders\Imgui\imgui.vs.hlsl">
      <Filter>Imgui</Filter>
    </FxCompile>
    <FxCompile Include="shaders\Imgui\imgui.ps.hlsl">
      <Filter>Imgui</Filter>
    </FxCompile>
    <FxCompile Include="shaders\Imgui\imgui.common.hlsl">
      <Filter>Imgui</Filter>
    </FxCompile>
  </ItemGroup>
</Project>