<?xml version="1.0" encoding="utf-8"?>
<Project ToolsVersion="4.0" xmlns="http://schemas.microsoft.com/developer/msbuild/2003">
  <ItemGroup>
    <Filter Include="Core">
      <UniqueIdentifier>{c94d8248-248e-4a1a-96b1-7a12e507a4b1}</UniqueIdentifier>
    </Filter>
    <Filter Include="Task">
      <UniqueIdentifier>{7ea7735d-c6ae-4488-a5d0-170558f306f7}</UniqueIdentifier>
    </Filter>
    <Filter Include="Imgui">
      <UniqueIdentifier>{f339b2ac-a76d-4898-a14e-4afc92323b0f}</UniqueIdentifier>
    </Filter>
    <Filter Include="Task\Graphics">
      <UniqueIdentifier>{804f926b-aa6d-43e5-ac58-d4c332c5c027}</UniqueIdentifier>
    </Filter>
    <Filter Include="Task\Core">
      <UniqueIdentifier>{9c2d13e2-a9b7-4257-9dcc-55e8788d765a}</UniqueIdentifier>
    </Filter>
    <Filter Include="GameState">
      <UniqueIdentifier>{dc703791-ea6a-4a92-bbb8-da28d5e39f97}</UniqueIdentifier>
    </Filter>
    <Filter Include="Platform">
      <UniqueIdentifier>{5d92b6b9-10e0-4045-9082-0b76a0191344}</UniqueIdentifier>
    </Filter>
    <Filter Include="GameData">
      <UniqueIdentifier>{0a4276f7-8c15-408b-b128-c977993d7bb9}</UniqueIdentifier>
    </Filter>
    <Filter Include="Task\Tools">
      <UniqueIdentifier>{85b89528-88a3-4b05-b7db-c22923bc8480}</UniqueIdentifier>
    </Filter>
    <Filter Include="Task\NextGenGraphics">
      <UniqueIdentifier>{cddc970c-fb5c-4f58-8a53-e4ca0c205f22}</UniqueIdentifier>
    </Filter>
  </ItemGroup>
  <ItemGroup>
    <ClInclude Include="include\Core\Game.hpp">
      <Filter>Core</Filter>
    </ClInclude>
    <ClInclude Include="include\Core\GameObject.hpp">
      <Filter>Core</Filter>
    </ClInclude>
    <ClInclude Include="include\Core\GameState.hpp">
      <Filter>Core</Filter>
    </ClInclude>
    <ClInclude Include="include\Core\GameComponent.hpp">
      <Filter>Core</Filter>
    </ClInclude>
    <ClInclude Include="include\Core\TransformComponent.hpp">
      <Filter>Core</Filter>
    </ClInclude>
    <ClInclude Include="include\Task\ImguiBeginTask.hpp">
      <Filter>Task</Filter>
    </ClInclude>
    <ClInclude Include="include\Task\ImguiEndTask.hpp">
      <Filter>Task</Filter>
    </ClInclude>
    <ClInclude Include="include\Imgui\D3D11ImguiVertexBuffer.hpp">
      <Filter>Imgui</Filter>
    </ClInclude>
    <ClInclude Include="include\Task\ControlsTask.hpp">
      <Filter>Task</Filter>
    </ClInclude>
    <ClInclude Include="include\Task\DebugTask.hpp">
      <Filter>Task</Filter>
    </ClInclude>
    <ClInclude Include="include\Core\MeshComponent.hpp">
      <Filter>Core</Filter>
    </ClInclude>
    <ClInclude Include="include\Task\TimeTask.hpp">
      <Filter>Task</Filter>
    </ClInclude>
    <ClInclude Include="include\Task\Core\UpdateComponentTask.hpp">
      <Filter>Task\Core</Filter>
    </ClInclude>
    <ClInclude Include="include\Task\Core\GameStateTask.hpp">
      <Filter>Task\Core</Filter>
    </ClInclude>
    <ClInclude Include="include\GameState\CoreState.hpp">
      <Filter>GameState</Filter>
    </ClInclude>
    <ClInclude Include="include\Platform\WindowsProcess.hpp">
      <Filter>Platform</Filter>
    </ClInclude>
    <ClInclude Include="include\GameData\TransformGameData.hpp">
      <Filter>GameData</Filter>
    </ClInclude>
    <ClInclude Include="include\GamePools.hpp" />
    <ClInclude Include="include\Task\Graphics\SwapFrameTask.hpp">
      <Filter>Task\Graphics</Filter>
    </ClInclude>
    <ClInclude Include="include\Core\GraphicGameObject.hpp">
      <Filter>Core</Filter>
    </ClInclude>
    <ClInclude Include="include\Task\Graphics\CompositingTask.hpp">
      <Filter>Task\Graphics</Filter>
    </ClInclude>
    <ClInclude Include="include\Core\MaterialComponent.hpp">
      <Filter>Core</Filter>
    </ClInclude>
    <ClInclude Include="include\Core\LightComponent.hpp">
      <Filter>Core</Filter>
    </ClInclude>
    <ClInclude Include="include\Core\CameraGameObject.hpp">
      <Filter>Core</Filter>
    </ClInclude>
    <ClInclude Include="include\Core\CameraComponent.hpp">
      <Filter>Core</Filter>
    </ClInclude>
    <ClInclude Include="include\GameData\GraphicGameObjectGameData.hpp">
      <Filter>GameData</Filter>
    </ClInclude>
    <ClInclude Include="include\GameData\MeshGameData.hpp">
      <Filter>GameData</Filter>
    </ClInclude>
    <ClInclude Include="include\GameData\GameDatas.hpp">
      <Filter>GameData</Filter>
    </ClInclude>
    <ClInclude Include="include\GameData\MaterialGameData.hpp">
      <Filter>GameData</Filter>
    </ClInclude>
    <ClInclude Include="include\Core\StateSharedData.hpp" />
    <ClInclude Include="include\Core\LightGameObject.hpp">
      <Filter>Core</Filter>
    </ClInclude>
    <ClInclude Include="include\Task\Graphics\LightingTask.hpp">
      <Filter>Task\Graphics</Filter>
    </ClInclude>
    <ClInclude Include="include\Task\Graphics\InitFrameTask.hpp">
      <Filter>Task\Graphics</Filter>
    </ClInclude>
    <ClInclude Include="include\Task\Tools\AutoRecompileShaderTask.hpp">
      <Filter>Task\Tools</Filter>
    </ClInclude>
    <ClInclude Include="include\Task\Graphics\RenderObjectsTask.hpp">
      <Filter>Task\Graphics</Filter>
    </ClInclude>
    <ClInclude Include="include\GameData\GraphicGameObjectInstanceGameData.hpp">
      <Filter>GameData</Filter>
    </ClInclude>
    <ClInclude Include="include\Core\ShadowComponent.hpp">
      <Filter>Core</Filter>
    </ClInclude>
    <ClInclude Include="include\Task\NextGenGraphics\RenderObjectsTask.hpp">
      <Filter>Task\NextGenGraphics</Filter>
    </ClInclude>
    <ClInclude Include="include\Task\NextGenGraphics\GraphicTask.hpp">
      <Filter>Task\NextGenGraphics</Filter>
    </ClInclude>
  </ItemGroup>
  <ItemGroup>
    <ClCompile Include="src\Core\Game.cpp">
      <Filter>Core</Filter>
    </ClCompile>
    <ClCompile Include="src\Core\TransformComponent.cpp">
      <Filter>Core</Filter>
    </ClCompile>
    <ClCompile Include="src\Task\ImguiBeginTask.cpp">
      <Filter>Task</Filter>
    </ClCompile>
    <ClCompile Include="src\Task\ImguiEndTask.cpp">
      <Filter>Task</Filter>
    </ClCompile>
    <ClCompile Include="src\Task\ControlsTask.cpp">
      <Filter>Task</Filter>
    </ClCompile>
    <ClCompile Include="src\Task\DebugTask.cpp">
      <Filter>Task</Filter>
    </ClCompile>
    <ClCompile Include="src\Task\TimeTask.cpp">
      <Filter>Task</Filter>
    </ClCompile>
    <ClCompile Include="src\Task\Task\GameStateTask.cpp">
      <Filter>Task\Core</Filter>
    </ClCompile>
    <ClCompile Include="src\GameState\CoreState.cpp">
      <Filter>GameState</Filter>
    </ClCompile>
    <ClCompile Include="src\Platform\WindowsProcess.cpp">
      <Filter>Platform</Filter>
    </ClCompile>
    <ClCompile Include="src\GameData\TransformGameData.cpp">
      <Filter>GameData</Filter>
    </ClCompile>
    <ClCompile Include="src\Core\MeshComponent.cpp">
      <Filter>Core</Filter>
    </ClCompile>
    <ClCompile Include="src\Task\Graphics\SwapFrameTask.cpp">
      <Filter>Task\Graphics</Filter>
    </ClCompile>
    <ClCompile Include="src\Core\GraphicGameObject.cpp">
      <Filter>Core</Filter>
    </ClCompile>
    <ClCompile Include="src\Task\Graphics\CompositingTask.cpp">
      <Filter>Task\Graphics</Filter>
    </ClCompile>
    <ClCompile Include="src\Core\MaterialComponent.cpp">
      <Filter>Core</Filter>
    </ClCompile>
    <ClCompile Include="src\Core\LightComponent.cpp">
      <Filter>Core</Filter>
    </ClCompile>
    <ClCompile Include="src\Core\CameraGameObject.cpp">
      <Filter>Core</Filter>
    </ClCompile>
    <ClCompile Include="src\Core\CameraComponent.cpp">
      <Filter>Core</Filter>
    </ClCompile>
    <ClCompile Include="src\GameData\GraphicGameObjectGameData.cpp">
      <Filter>GameData</Filter>
    </ClCompile>
    <ClCompile Include="src\GameData\MeshGameData.cpp">
      <Filter>GameData</Filter>
    </ClCompile>
    <ClCompile Include="src\GameData\GameDatas.cpp">
      <Filter>GameData</Filter>
    </ClCompile>
    <ClCompile Include="src\GameData\MaterialGameData.cpp">
      <Filter>GameData</Filter>
    </ClCompile>
    <ClCompile Include="src\Core\GameState.cpp" />
    <ClCompile Include="src\Task\Graphics\LightingTask.cpp">
      <Filter>Task\Graphics</Filter>
    </ClCompile>
    <ClCompile Include="src\Task\Graphics\InitFrameTask.cpp">
      <Filter>Task\Graphics</Filter>
    </ClCompile>
    <ClCompile Include="src\Core\LightGameObject.cpp">
      <Filter>Core</Filter>
    </ClCompile>
    <ClCompile Include="src\Task\Tools\AutoRecompileShaderTask.cpp">
      <Filter>Task\Tools</Filter>
    </ClCompile>
    <ClCompile Include="src\Task\Graphics\RenderObjectsTask.cpp">
      <Filter>Task\Graphics</Filter>
    </ClCompile>
    <ClCompile Include="src\GameData\GraphicGameObjectInstanceGameData.cpp">
      <Filter>GameData</Filter>
    </ClCompile>
    <ClCompile Include="src\Task\NextGenGraphics\RenderObjectsTask.cpp">
      <Filter>Task\NextGenGraphics</Filter>
    </ClCompile>
    <ClCompile Include="src\Task\NextGenGraphics\GraphicTask.cpp">
      <Filter>Task\NextGenGraphics</Filter>
    </ClCompile>
  </ItemGroup>
  <ItemGroup>
    <FxCompile Include="shaders\Imgui\imgui.vs.hlsl">
      <Filter>Imgui</Filter>
    </FxCompile>
    <FxCompile Include="shaders\Imgui\imgui.ps.hlsl">
      <Filter>Imgui</Filter>
    </FxCompile>
    <FxCompile Include="shaders\Imgui\imgui.common.hlsl">
      <Filter>Imgui</Filter>
    </FxCompile>
  </ItemGroup>
</Project>