<?xml version="1.0" encoding="utf-8"?>
<Project ToolsVersion="4.0" xmlns="http://schemas.microsoft.com/developer/msbuild/2003">
  <ItemGroup>
    <Filter Include="Core">
      <UniqueIdentifier>{c94d8248-248e-4a1a-96b1-7a12e507a4b1}</UniqueIdentifier>
    </Filter>
    <Filter Include="Task">
      <UniqueIdentifier>{7ea7735d-c6ae-4488-a5d0-170558f306f7}</UniqueIdentifier>
    </Filter>
    <Filter Include="Task\Core">
      <UniqueIdentifier>{9c2d13e2-a9b7-4257-9dcc-55e8788d765a}</UniqueIdentifier>
    </Filter>
    <Filter Include="GameState">
      <UniqueIdentifier>{dc703791-ea6a-4a92-bbb8-da28d5e39f97}</UniqueIdentifier>
    </Filter>
    <Filter Include="Platform">
      <UniqueIdentifier>{5d92b6b9-10e0-4045-9082-0b76a0191344}</UniqueIdentifier>
    </Filter>
    <Filter Include="GameData">
      <UniqueIdentifier>{0a4276f7-8c15-408b-b128-c977993d7bb9}</UniqueIdentifier>
    </Filter>
    <Filter Include="Task\Tools">
      <UniqueIdentifier>{85b89528-88a3-4b05-b7db-c22923bc8480}</UniqueIdentifier>
    </Filter>
    <Filter Include="Optick">
      <UniqueIdentifier>{9e21378b-92ce-42f1-9e33-199be084c744}</UniqueIdentifier>
    </Filter>
    <Filter Include="GameState\Imgui">
      <UniqueIdentifier>{f339b2ac-a76d-4898-a14e-4afc92323b0f}</UniqueIdentifier>
    </Filter>
  </ItemGroup>
  <ItemGroup>
    <ClInclude Include="include\Core\Game.hpp">
      <Filter>Core</Filter>
    </ClInclude>
    <ClInclude Include="include\GameState\CoreState.hpp">
      <Filter>GameState</Filter>
    </ClInclude>
    <ClInclude Include="include\Platform\WindowsProcess.hpp">
      <Filter>Platform</Filter>
    </ClInclude>
    <ClInclude Include="include\GameData\TransformGameData.hpp">
      <Filter>GameData</Filter>
    </ClInclude>
    <ClInclude Include="include\GamePools.hpp" />
    <ClInclude Include="include\GameData\GraphicGameObjectGameData.hpp">
      <Filter>GameData</Filter>
    </ClInclude>
    <ClInclude Include="include\GameData\MeshGameData.hpp">
      <Filter>GameData</Filter>
    </ClInclude>
    <ClInclude Include="include\GameData\GameDatas.hpp">
      <Filter>GameData</Filter>
    </ClInclude>
    <ClInclude Include="include\Core\StateSharedData.hpp" />
    <ClInclude Include="include\Task\Tools\AutoRecompileShaderTask.hpp">
      <Filter>Task\Tools</Filter>
    </ClInclude>
    <ClInclude Include="include\GameData\GraphicGameObjectInstanceGameData.hpp">
      <Filter>GameData</Filter>
    </ClInclude>
    <ClInclude Include="include\GameData\MaterialGameData.hpp">
      <Filter>GameData</Filter>
    </ClInclude>
    <ClInclude Include="include\CoreSettings.hpp" />
    <ClInclude Include="include\Imgui\Imgui.hpp">
      <Filter>GameState\Imgui</Filter>
    </ClInclude>
    <ClInclude Include="include\Optick\Optick.hpp">
      <Filter>Optick</Filter>
    </ClInclude>
    <ClInclude Include="include\Core\GameState.hpp">
      <Filter>Core</Filter>
    </ClInclude>
    <ClInclude Include="include\Core\System.hpp">
      <Filter>Core</Filter>
    </ClInclude>
  </ItemGroup>
  <ItemGroup>
    <ClCompile Include="src\Core\Game.cpp">
      <Filter>Core</Filter>
    </ClCompile>
    <ClCompile Include="src\GameState\CoreState.cpp">
      <Filter>GameState</Filter>
    </ClCompile>
    <ClCompile Include="src\Platform\WindowsProcess.cpp">
      <Filter>Platform</Filter>
    </ClCompile>
    <ClCompile Include="src\GameData\TransformGameData.cpp">
      <Filter>GameData</Filter>
    </ClCompile>
    <ClCompile Include="src\GameData\GraphicGameObjectGameData.cpp">
      <Filter>GameData</Filter>
    </ClCompile>
    <ClCompile Include="src\GameData\MeshGameData.cpp">
      <Filter>GameData</Filter>
    </ClCompile>
    <ClCompile Include="src\GameData\GameDatas.cpp">
      <Filter>GameData</Filter>
    </ClCompile>
    <ClCompile Include="src\Core\GameState.cpp" />
    <ClCompile Include="src\Task\Tools\AutoRecompileShaderTask.cpp">
      <Filter>Task\Tools</Filter>
    </ClCompile>
    <ClCompile Include="src\GameData\GraphicGameObjectInstanceGameData.cpp">
      <Filter>GameData</Filter>
    </ClCompile>
    <ClCompile Include="src\GameData\MaterialGameData.cpp">
      <Filter>GameData</Filter>
    </ClCompile>
    <ClCompile Include="src\Imgui\Imgui.cpp">
      <Filter>GameState\Imgui</Filter>
    </ClCompile>
    <ClCompile Include="src\Optick\Optick.cpp">
      <Filter>Optick</Filter>
    </ClCompile>
    <ClCompile Include="src\Core\System.cpp">
      <Filter>Core</Filter>
    </ClCompile>
  </ItemGroup>
</Project>